{
  "version": 4,
  "terraform_version": "1.7.5",
  "serial": 173,
  "lineage": "694d2185-f9df-a841-7a7c-0886d8813d38",
  "outputs": {
    "ip": {
      "value": "34.126.137.26",
      "type": "string"
    },
    "project_id": {
      "value": "interview-417918",
      "type": "string"
    },
    "region": {
      "value": "asia-southeast1",
      "type": "string"
    }
  },
  "resources": [
    {
      "mode": "data",
      "type": "google_project",
      "name": "project",
      "provider": "provider[\"registry.terraform.io/hashicorp/google\"]",
      "instances": [
        {
          "schema_version": 0,
          "attributes": {
            "auto_create_network": null,
            "billing_account": "0106C0-7A9F16-C4EED5",
            "effective_labels": {},
            "folder_id": null,
            "id": "projects/interview-417918",
            "labels": {},
            "name": "Interview",
            "number": "49385431839",
            "org_id": null,
            "project_id": "interview-417918",
            "skip_delete": null,
            "terraform_labels": {}
          },
          "sensitive_attributes": []
        }
      ]
    },
    {
      "mode": "managed",
      "type": "google_compute_firewall",
      "name": "default",
      "provider": "provider[\"registry.terraform.io/hashicorp/google\"]",
      "instances": [
        {
          "schema_version": 1,
          "attributes": {
            "allow": [
              {
                "ports": [
                  "22",
                  "9200",
                  "5601",
                  "3000"
                ],
                "protocol": "tcp"
              }
            ],
            "creation_timestamp": "2024-04-25T10:00:52.276-07:00",
            "deny": [],
            "description": "",
            "destination_ranges": [],
            "direction": "INGRESS",
            "disabled": false,
            "enable_logging": null,
            "id": "projects/interview-417918/global/firewalls/allow-dktalis-app",
            "log_config": [],
            "name": "allow-dktalis-app",
            "network": "https://www.googleapis.com/compute/v1/projects/interview-417918/global/networks/dkatalis-network",
            "priority": 1000,
            "project": "interview-417918",
            "self_link": "https://www.googleapis.com/compute/v1/projects/interview-417918/global/firewalls/allow-dktalis-app",
            "source_ranges": [
              "0.0.0.0/0"
            ],
            "source_service_accounts": null,
            "source_tags": null,
            "target_service_accounts": null,
            "target_tags": [
              "dkatalis-app"
            ],
            "timeouts": null
          },
          "sensitive_attributes": [],
          "private": "eyJlMmJmYjczMC1lY2FhLTExZTYtOGY4OC0zNDM2M2JjN2M0YzAiOnsiY3JlYXRlIjoxMjAwMDAwMDAwMDAwLCJkZWxldGUiOjEyMDAwMDAwMDAwMDAsInVwZGF0ZSI6MTIwMDAwMDAwMDAwMH0sInNjaGVtYV92ZXJzaW9uIjoiMSJ9",
          "dependencies": [
            "google_compute_network.vpc_network"
          ]
        }
      ]
    },
    {
      "mode": "managed",
      "type": "google_compute_instance",
      "name": "default",
      "provider": "provider[\"registry.terraform.io/hashicorp/google\"]",
      "instances": [
        {
          "schema_version": 6,
          "attributes": {
            "advanced_machine_features": [],
            "allow_stopping_for_update": true,
            "attached_disk": [],
            "boot_disk": [
              {
                "auto_delete": true,
                "device_name": "persistent-disk-0",
                "disk_encryption_key_raw": "",
                "disk_encryption_key_sha256": "",
                "initialize_params": [
                  {
                    "enable_confidential_compute": false,
                    "image": "https://www.googleapis.com/compute/v1/projects/ubuntu-os-cloud/global/images/ubuntu-2310-mantic-amd64-v20240319",
                    "labels": {},
                    "provisioned_iops": 0,
                    "provisioned_throughput": 0,
                    "resource_manager_tags": null,
                    "size": 100,
                    "type": "pd-standard"
                  }
                ],
                "kms_key_self_link": "",
                "mode": "READ_WRITE",
                "source": "https://www.googleapis.com/compute/v1/projects/interview-417918/zones/asia-southeast1-a/disks/dkatalis-vm"
              }
            ],
            "can_ip_forward": false,
            "confidential_instance_config": [],
            "cpu_platform": "Intel Broadwell",
            "current_status": "RUNNING",
            "deletion_protection": false,
            "description": "",
            "desired_status": null,
            "effective_labels": {},
            "enable_display": false,
            "guest_accelerator": [],
            "hostname": "",
            "id": "projects/interview-417918/zones/asia-southeast1-a/instances/dkatalis-vm",
            "instance_id": "2667878514497630857",
            "label_fingerprint": "42WmSpB8rSM=",
            "labels": null,
            "machine_type": "e2-highcpu-8",
            "metadata": null,
            "metadata_fingerprint": "hsZqn0TWU1w=",
            "metadata_startup_script": "#! /bin/bash\n\n# Add Docker's official GPG key:\nsudo apt-get update\nsudo apt-get install ca-certificates curl\nsudo install -m 0755 -d /etc/apt/keyrings\nsudo curl -fsSL https://download.docker.com/linux/ubuntu/gpg -o /etc/apt/keyrings/docker.asc\nsudo chmod a+r /etc/apt/keyrings/docker.asc\n\n# Add the repository to Apt sources:\necho \\\n  \"deb [arch=$(dpkg --print-architecture) signed-by=/etc/apt/keyrings/docker.asc] https://download.docker.com/linux/ubuntu \\\n  $(. /etc/os-release \u0026\u0026 echo \"$VERSION_CODENAME\") stable\" | \\\n  sudo tee /etc/apt/sources.list.d/docker.list \u003e /dev/null\nsudo apt-get update\n\n# Install Dependency\nsudo apt-get install -y git docker-ce docker-ce-cli containerd.io docker-buildx-plugin docker-compose-plugin whois\n\n# Grant docker to user dodi\nsudo usermod -aG docker dodi\n\n# ES CONFIG\nsudo sysctl -w vm.max_map_count=262144\n\ngit clone https://github.com/dodistyo/dkatalis-interview-test.git /usr/share/app-deployment\n\nsudo chown -R dodi:dodi /usr/share/app-deployment\n\ndocker swarm init\n\ncd /usr/share/app-deployment/manifest\n\nexport $(cat .env) \u003e /dev/null 2\u003e\u00261; docker stack deploy -c docker-compose.yml dkatalis-app",
            "min_cpu_platform": "",
            "name": "dkatalis-vm",
            "network_interface": [
              {
                "access_config": [
                  {
                    "nat_ip": "34.126.137.26",
                    "network_tier": "PREMIUM",
                    "public_ptr_domain_name": ""
                  }
                ],
                "alias_ip_range": [],
                "internal_ipv6_prefix_length": 0,
                "ipv6_access_config": [],
                "ipv6_access_type": "",
                "ipv6_address": "",
                "name": "nic0",
                "network": "https://www.googleapis.com/compute/v1/projects/interview-417918/global/networks/dkatalis-network",
                "network_ip": "10.0.1.2",
                "nic_type": "",
                "queue_count": 0,
                "stack_type": "IPV4_ONLY",
                "subnetwork": "https://www.googleapis.com/compute/v1/projects/interview-417918/regions/asia-southeast1/subnetworks/dkatalis-subnet",
                "subnetwork_project": "interview-417918"
              }
            ],
            "network_performance_config": [],
            "params": [],
            "project": "interview-417918",
            "reservation_affinity": [],
            "resource_policies": null,
            "scheduling": [
              {
                "automatic_restart": true,
                "instance_termination_action": "",
                "local_ssd_recovery_timeout": [],
                "min_node_cpus": 0,
                "node_affinities": [],
                "on_host_maintenance": "MIGRATE",
                "preemptible": false,
                "provisioning_model": "STANDARD"
              }
            ],
            "scratch_disk": [],
            "self_link": "https://www.googleapis.com/compute/v1/projects/interview-417918/zones/asia-southeast1-a/instances/dkatalis-vm",
            "service_account": [],
            "shielded_instance_config": [
              {
                "enable_integrity_monitoring": true,
                "enable_secure_boot": false,
                "enable_vtpm": true
              }
            ],
            "tags": [
              "dkatalis-app"
            ],
            "tags_fingerprint": "42uxskDoGzE=",
            "terraform_labels": {},
            "timeouts": null,
            "zone": "asia-southeast1-a"
          },
          "sensitive_attributes": [],
          "private": "eyJlMmJmYjczMC1lY2FhLTExZTYtOGY4OC0zNDM2M2JjN2M0YzAiOnsiY3JlYXRlIjoxMjAwMDAwMDAwMDAwLCJkZWxldGUiOjEyMDAwMDAwMDAwMDAsInVwZGF0ZSI6MTIwMDAwMDAwMDAwMH0sInNjaGVtYV92ZXJzaW9uIjoiNiJ9",
          "dependencies": [
            "google_compute_network.vpc_network",
            "google_compute_subnetwork.default"
          ]
        }
      ]
    },
    {
      "mode": "managed",
      "type": "google_compute_network",
      "name": "vpc_network",
      "provider": "provider[\"registry.terraform.io/hashicorp/google\"]",
      "instances": [
        {
          "schema_version": 0,
          "attributes": {
            "auto_create_subnetworks": false,
            "delete_default_routes_on_create": false,
            "description": "",
            "enable_ula_internal_ipv6": false,
            "gateway_ipv4": "",
            "id": "projects/interview-417918/global/networks/dkatalis-network",
            "internal_ipv6_range": "",
            "mtu": 1460,
            "name": "dkatalis-network",
            "network_firewall_policy_enforcement_order": "AFTER_CLASSIC_FIREWALL",
            "numeric_id": "3810229090976740034",
            "project": "interview-417918",
            "routing_mode": "REGIONAL",
            "self_link": "https://www.googleapis.com/compute/v1/projects/interview-417918/global/networks/dkatalis-network",
            "timeouts": null
          },
          "sensitive_attributes": [],
          "private": "eyJlMmJmYjczMC1lY2FhLTExZTYtOGY4OC0zNDM2M2JjN2M0YzAiOnsiY3JlYXRlIjoxMjAwMDAwMDAwMDAwLCJkZWxldGUiOjEyMDAwMDAwMDAwMDAsInVwZGF0ZSI6MTIwMDAwMDAwMDAwMH19"
        }
      ]
    },
    {
      "mode": "managed",
      "type": "google_compute_subnetwork",
      "name": "default",
      "provider": "provider[\"registry.terraform.io/hashicorp/google\"]",
      "instances": [
        {
          "schema_version": 0,
          "attributes": {
            "creation_timestamp": "2024-04-25T10:00:54.133-07:00",
            "description": "",
            "external_ipv6_prefix": "",
            "fingerprint": null,
            "gateway_address": "10.0.1.1",
            "id": "projects/interview-417918/regions/asia-southeast1/subnetworks/dkatalis-subnet",
            "internal_ipv6_prefix": "",
            "ip_cidr_range": "10.0.1.0/24",
            "ipv6_access_type": "",
            "ipv6_cidr_range": "",
            "log_config": [],
            "name": "dkatalis-subnet",
            "network": "https://www.googleapis.com/compute/v1/projects/interview-417918/global/networks/dkatalis-network",
            "private_ip_google_access": false,
            "private_ipv6_google_access": "DISABLE_GOOGLE_ACCESS",
            "project": "interview-417918",
            "purpose": "PRIVATE",
            "region": "asia-southeast1",
            "role": "",
            "secondary_ip_range": [],
            "self_link": "https://www.googleapis.com/compute/v1/projects/interview-417918/regions/asia-southeast1/subnetworks/dkatalis-subnet",
            "stack_type": "IPV4_ONLY",
            "timeouts": null
          },
          "sensitive_attributes": [],
          "private": "eyJlMmJmYjczMC1lY2FhLTExZTYtOGY4OC0zNDM2M2JjN2M0YzAiOnsiY3JlYXRlIjoxMjAwMDAwMDAwMDAwLCJkZWxldGUiOjEyMDAwMDAwMDAwMDAsInVwZGF0ZSI6MTIwMDAwMDAwMDAwMH19",
          "dependencies": [
            "google_compute_network.vpc_network"
          ]
        }
      ]
    },
    {
      "mode": "managed",
      "type": "google_kms_crypto_key",
      "name": "terraform_state_bucket",
      "provider": "provider[\"registry.terraform.io/hashicorp/google\"]",
      "instances": [
        {
          "schema_version": 1,
          "attributes": {
            "crypto_key_backend": "",
            "destroy_scheduled_duration": "2592000s",
            "effective_labels": {},
            "id": "projects/interview-417918/locations/us/keyRings/a67bbaec5e391a99-bucket-tfstate/cryptoKeys/dkatalis-terraform-state-bucket",
            "import_only": false,
            "key_ring": "projects/interview-417918/locations/us/keyRings/a67bbaec5e391a99-bucket-tfstate",
            "labels": null,
            "name": "dkatalis-terraform-state-bucket",
            "primary": [
              {
                "name": "projects/interview-417918/locations/us/keyRings/a67bbaec5e391a99-bucket-tfstate/cryptoKeys/dkatalis-terraform-state-bucket/cryptoKeyVersions/1",
                "state": "ENABLED"
              }
            ],
            "purpose": "ENCRYPT_DECRYPT",
            "rotation_period": "86400s",
            "skip_initial_version_creation": false,
            "terraform_labels": {},
            "timeouts": null,
            "version_template": [
              {
                "algorithm": "GOOGLE_SYMMETRIC_ENCRYPTION",
                "protection_level": "SOFTWARE"
              }
            ]
          },
          "sensitive_attributes": [],
          "private": "eyJlMmJmYjczMC1lY2FhLTExZTYtOGY4OC0zNDM2M2JjN2M0YzAiOnsiY3JlYXRlIjoxMjAwMDAwMDAwMDAwLCJkZWxldGUiOjEyMDAwMDAwMDAwMDAsInVwZGF0ZSI6MTIwMDAwMDAwMDAwMH0sInNjaGVtYV92ZXJzaW9uIjoiMSJ9",
          "dependencies": [
            "google_kms_key_ring.terraform_state",
            "random_id.bucket_prefix"
          ]
        }
      ]
    },
    {
      "mode": "managed",
      "type": "google_kms_key_ring",
      "name": "terraform_state",
      "provider": "provider[\"registry.terraform.io/hashicorp/google\"]",
      "instances": [
        {
          "schema_version": 0,
          "attributes": {
            "id": "projects/interview-417918/locations/us/keyRings/a67bbaec5e391a99-bucket-tfstate",
            "location": "us",
            "name": "a67bbaec5e391a99-bucket-tfstate",
            "project": "interview-417918",
            "timeouts": null
          },
          "sensitive_attributes": [],
          "private": "eyJlMmJmYjczMC1lY2FhLTExZTYtOGY4OC0zNDM2M2JjN2M0YzAiOnsiY3JlYXRlIjoxMjAwMDAwMDAwMDAwLCJkZWxldGUiOjEyMDAwMDAwMDAwMDB9fQ==",
          "dependencies": [
            "random_id.bucket_prefix"
          ]
        }
      ]
    },
    {
      "mode": "managed",
      "type": "google_project_iam_member",
      "name": "default",
      "provider": "provider[\"registry.terraform.io/hashicorp/google\"]",
      "instances": [
        {
          "schema_version": 0,
          "attributes": {
            "condition": [],
            "etag": "BwYW7rmsUgY=",
            "id": "interview-417918/roles/cloudkms.cryptoKeyEncrypterDecrypter/serviceAccount:service-49385431839@gs-project-accounts.iam.gserviceaccount.com",
            "member": "serviceAccount:service-49385431839@gs-project-accounts.iam.gserviceaccount.com",
            "project": "interview-417918",
            "role": "roles/cloudkms.cryptoKeyEncrypterDecrypter"
          },
          "sensitive_attributes": [],
          "private": "bnVsbA==",
          "dependencies": [
            "data.google_project.project"
          ]
        }
      ]
    },
    {
      "mode": "managed",
      "type": "google_storage_bucket",
      "name": "default",
      "provider": "provider[\"registry.terraform.io/hashicorp/google\"]",
      "instances": [
        {
          "schema_version": 1,
          "attributes": {
            "autoclass": [],
            "cors": [],
            "custom_placement_config": [],
            "default_event_based_hold": false,
            "effective_labels": {},
            "enable_object_retention": false,
            "encryption": [
              {
                "default_kms_key_name": "projects/interview-417918/locations/us/keyRings/a67bbaec5e391a99-bucket-tfstate/cryptoKeys/dkatalis-terraform-state-bucket"
              }
            ],
            "force_destroy": false,
            "id": "a67bbaec5e391a99-bucket-tfstate",
            "labels": null,
            "lifecycle_rule": [],
            "location": "US",
            "logging": [],
            "name": "a67bbaec5e391a99-bucket-tfstate",
            "project": "interview-417918",
            "project_number": 49385431839,
            "public_access_prevention": "inherited",
            "requester_pays": false,
            "retention_policy": [],
            "rpo": "DEFAULT",
            "self_link": "https://www.googleapis.com/storage/v1/b/a67bbaec5e391a99-bucket-tfstate",
            "soft_delete_policy": [
              {
                "effective_time": "2024-04-25T17:00:40.053Z",
                "retention_duration_seconds": 604800
              }
            ],
            "storage_class": "STANDARD",
            "terraform_labels": {},
            "timeouts": null,
            "uniform_bucket_level_access": false,
            "url": "gs://a67bbaec5e391a99-bucket-tfstate",
            "versioning": [
              {
                "enabled": true
              }
            ],
            "website": []
          },
          "sensitive_attributes": [],
          "private": "eyJlMmJmYjczMC1lY2FhLTExZTYtOGY4OC0zNDM2M2JjN2M0YzAiOnsiY3JlYXRlIjo2MDAwMDAwMDAwMDAsInJlYWQiOjI0MDAwMDAwMDAwMCwidXBkYXRlIjoyNDAwMDAwMDAwMDB9LCJzY2hlbWFfdmVyc2lvbiI6IjEifQ==",
          "dependencies": [
            "data.google_project.project",
            "google_kms_crypto_key.terraform_state_bucket",
            "google_kms_key_ring.terraform_state",
            "google_project_iam_member.default",
            "random_id.bucket_prefix"
          ]
        }
      ]
    },
    {
      "mode": "managed",
      "type": "random_id",
      "name": "bucket_prefix",
      "provider": "provider[\"registry.terraform.io/hashicorp/random\"]",
      "instances": [
        {
          "schema_version": 0,
          "attributes": {
            "b64_std": "pnu67F45Gpk=",
            "b64_url": "pnu67F45Gpk",
            "byte_length": 8,
            "dec": "11996387556787296921",
            "hex": "a67bbaec5e391a99",
            "id": "pnu67F45Gpk",
            "keepers": null,
            "prefix": null
          },
          "sensitive_attributes": []
        }
      ]
    }
  ],
  "check_results": null
}
