{
  "version": 4,
  "terraform_version": "1.7.5",
  "serial": 137,
  "lineage": "73a18cf2-a864-8ead-7631-3cae5176dd69",
  "outputs": {},
  "resources": [
    {
      "module": "module.swarm_manager",
      "mode": "managed",
      "type": "google_compute_firewall",
      "name": "default",
      "provider": "provider[\"registry.terraform.io/hashicorp/google\"]",
      "instances": [
        {
          "schema_version": 1,
          "attributes": {
            "allow": [
              {
                "ports": [
                  "22",
                  "9200",
                  "5601",
                  "3000"
                ],
                "protocol": "tcp"
              }
            ],
            "creation_timestamp": "2024-04-26T12:29:57.436-07:00",
            "deny": [],
            "description": "",
            "destination_ranges": [],
            "direction": "INGRESS",
            "disabled": false,
            "enable_logging": null,
            "id": "projects/interview-417918/global/firewalls/allow-public-dktalis-app",
            "log_config": [],
            "name": "allow-public-dktalis-app",
            "network": "https://www.googleapis.com/compute/v1/projects/interview-417918/global/networks/dkatalis-network",
            "priority": 1000,
            "project": "interview-417918",
            "self_link": "https://www.googleapis.com/compute/v1/projects/interview-417918/global/firewalls/allow-public-dktalis-app",
            "source_ranges": [
              "0.0.0.0/0"
            ],
            "source_service_accounts": null,
            "source_tags": null,
            "target_service_accounts": null,
            "target_tags": [
              "dkatalis-app"
            ],
            "timeouts": null
          },
          "sensitive_attributes": [],
          "private": "eyJlMmJmYjczMC1lY2FhLTExZTYtOGY4OC0zNDM2M2JjN2M0YzAiOnsiY3JlYXRlIjoxMjAwMDAwMDAwMDAwLCJkZWxldGUiOjEyMDAwMDAwMDAwMDAsInVwZGF0ZSI6MTIwMDAwMDAwMDAwMH0sInNjaGVtYV92ZXJzaW9uIjoiMSJ9",
          "dependencies": [
            "module.swarm_manager.google_compute_network.vpc_network"
          ]
        }
      ]
    },
    {
      "module": "module.swarm_manager",
      "mode": "managed",
      "type": "google_compute_firewall",
      "name": "local_connection",
      "provider": "provider[\"registry.terraform.io/hashicorp/google\"]",
      "instances": [
        {
          "schema_version": 1,
          "attributes": {
            "allow": [
              {
                "ports": [
                  "22",
                  "2377"
                ],
                "protocol": "tcp"
              }
            ],
            "creation_timestamp": "2024-04-26T12:29:57.462-07:00",
            "deny": [],
            "description": "",
            "destination_ranges": [],
            "direction": "INGRESS",
            "disabled": false,
            "enable_logging": null,
            "id": "projects/interview-417918/global/firewalls/allow-local-dktalis-app",
            "log_config": [],
            "name": "allow-local-dktalis-app",
            "network": "https://www.googleapis.com/compute/v1/projects/interview-417918/global/networks/dkatalis-network",
            "priority": 1000,
            "project": "interview-417918",
            "self_link": "https://www.googleapis.com/compute/v1/projects/interview-417918/global/firewalls/allow-local-dktalis-app",
            "source_ranges": [
              "10.0.1.0/24"
            ],
            "source_service_accounts": null,
            "source_tags": null,
            "target_service_accounts": null,
            "target_tags": [
              "dkatalis-app"
            ],
            "timeouts": null
          },
          "sensitive_attributes": [],
          "private": "eyJlMmJmYjczMC1lY2FhLTExZTYtOGY4OC0zNDM2M2JjN2M0YzAiOnsiY3JlYXRlIjoxMjAwMDAwMDAwMDAwLCJkZWxldGUiOjEyMDAwMDAwMDAwMDAsInVwZGF0ZSI6MTIwMDAwMDAwMDAwMH0sInNjaGVtYV92ZXJzaW9uIjoiMSJ9",
          "dependencies": [
            "module.swarm_manager.google_compute_network.vpc_network"
          ]
        }
      ]
    },
    {
      "module": "module.swarm_manager",
      "mode": "managed",
      "type": "google_compute_instance",
      "name": "default",
      "provider": "provider[\"registry.terraform.io/hashicorp/google\"]",
      "instances": [
        {
          "schema_version": 6,
          "attributes": {
            "advanced_machine_features": [],
            "allow_stopping_for_update": true,
            "attached_disk": [],
            "boot_disk": [
              {
                "auto_delete": true,
                "device_name": "persistent-disk-0",
                "disk_encryption_key_raw": "",
                "disk_encryption_key_sha256": "",
                "initialize_params": [
                  {
                    "enable_confidential_compute": false,
                    "image": "https://www.googleapis.com/compute/v1/projects/ubuntu-os-cloud/global/images/ubuntu-2310-mantic-amd64-v20240319",
                    "labels": {},
                    "provisioned_iops": 0,
                    "provisioned_throughput": 0,
                    "resource_manager_tags": null,
                    "size": 100,
                    "type": "pd-standard"
                  }
                ],
                "kms_key_self_link": "",
                "mode": "READ_WRITE",
                "source": "https://www.googleapis.com/compute/v1/projects/interview-417918/zones/asia-southeast1-a/disks/dkatalis-swarm-manager"
              }
            ],
            "can_ip_forward": false,
            "confidential_instance_config": [],
            "cpu_platform": "Intel Broadwell",
            "current_status": "RUNNING",
            "deletion_protection": false,
            "description": "",
            "desired_status": null,
            "effective_labels": {},
            "enable_display": false,
            "guest_accelerator": [],
            "hostname": "",
            "id": "projects/interview-417918/zones/asia-southeast1-a/instances/dkatalis-swarm-manager",
            "instance_id": "5343261914313113142",
            "label_fingerprint": "42WmSpB8rSM=",
            "labels": null,
            "machine_type": "e2-highcpu-8",
            "metadata": {
              "ssh-keys": "ubuntu:ssh-rsa AAAAB3NzaC1yc2EAAAADAQABAAACAQCiWzaWysjn8kviefaKtylK//b4bQdq7slQ0TeSORzYziunuhrJTI5nYoQYf2TLGtNthqlBMNo/aOfGdst41lmLSyuEWhiVi9DcI7bb8twuzCBCtLcCc5frGRqbHPUG9JishvzcSAMS8uHeP51s1ZDp4ZWpl6M5LRd/SdMrT/jBFTTocmjgBCjb9NLilZAlxAjujzN/Juv/W6TNEGL5nTSwkcBI2nIsEHFJjiCYmwlGe5tkwUfLLmIfw58SHx+plv+qE9VXF7CQDMsTJ9eW5hCC/yqsY9cRONJNBsnIlvREkn0nNkeEKIAc6GmzBLh0wGr1w8+3YNU+NeybRw68pAlDxNxjMSrlFJdRyWymV6TuvQgtP20eL/aUvEaic9+ID7wQdJ2bbP+MJPMzeBzASh8qS4zU4VUXZ0qDKRYVlSz+5XIYseqO+ObAJGl3Cp3+lJCIrG+B4ENZMLs8+58Y1FHBoV09JlaoK9Gfb8WBshoXO5hylwrj8JuG73mGHaVcZguJECMh2rfoAV5ojNFw0ApKyA2eYhWUlvsr76KNH4zzdVrBsegAgTEQ3XJAiZCUfX80h4Xgucql3u+g42UXtUNTjYJ0uHfV60iD/fbAHNu5KNpYa6UKTGTRQgdSqc4+wAxHLcUfwu1vXsYJOsDONYKp3RrtwxGFbYQyDHijdjbdAw== dodipras27@gmail.com\n"
            },
            "metadata_fingerprint": "__y88YgJh3A=",
            "metadata_startup_script": "#! /bin/bash\n\n# Add Docker's official GPG key:\nsudo apt-get update\nsudo apt-get install ca-certificates curl\nsudo install -m 0755 -d /etc/apt/keyrings\nsudo curl -fsSL https://download.docker.com/linux/ubuntu/gpg -o /etc/apt/keyrings/docker.asc\nsudo chmod a+r /etc/apt/keyrings/docker.asc\n\n# Add the repository to Apt sources:\necho \\\n  \"deb [arch=$(dpkg --print-architecture) signed-by=/etc/apt/keyrings/docker.asc] https://download.docker.com/linux/ubuntu \\\n  $(. /etc/os-release \u0026\u0026 echo \"$VERSION_CODENAME\") stable\" | \\\n  sudo tee /etc/apt/sources.list.d/docker.list \u003e /dev/null\nsudo apt-get update\n\n# Install Dependency\nsudo apt-get install -y git docker-ce docker-ce-cli containerd.io docker-buildx-plugin docker-compose-plugin whois\n# Add user app\nsudo adduser app\n# Grant docker to user app\nsudo usermod -aG docker app\n\n# ES CONFIG\nsudo sysctl -w vm.max_map_count=262144\ngit clone https://github.com/dodistyo/dkatalis-interview-test.git /usr/share/app-deployment\n\nsudo chown -R app:app /usr/share/app-deployment\n\ndocker swarm init\n\ncd /usr/share/app-deployment/manifest\n\nexport $(cat .env) \u003e /dev/null 2\u003e\u00261; docker stack deploy -c docker-compose.yml dkatalis-app\n# Extract docker swarm join token\ndocker swarm join-token --quiet worker \u003e /home/ubuntu/swarm-join-token\n",
            "min_cpu_platform": "",
            "name": "dkatalis-swarm-manager",
            "network_interface": [
              {
                "access_config": [
                  {
                    "nat_ip": "34.126.137.26",
                    "network_tier": "PREMIUM",
                    "public_ptr_domain_name": ""
                  }
                ],
                "alias_ip_range": [],
                "internal_ipv6_prefix_length": 0,
                "ipv6_access_config": [],
                "ipv6_access_type": "",
                "ipv6_address": "",
                "name": "nic0",
                "network": "https://www.googleapis.com/compute/v1/projects/interview-417918/global/networks/dkatalis-network",
                "network_ip": "10.0.1.2",
                "nic_type": "",
                "queue_count": 0,
                "stack_type": "IPV4_ONLY",
                "subnetwork": "https://www.googleapis.com/compute/v1/projects/interview-417918/regions/asia-southeast1/subnetworks/dkatalis-subnet",
                "subnetwork_project": "interview-417918"
              }
            ],
            "network_performance_config": [],
            "params": [],
            "project": "interview-417918",
            "reservation_affinity": [],
            "resource_policies": null,
            "scheduling": [
              {
                "automatic_restart": true,
                "instance_termination_action": "",
                "local_ssd_recovery_timeout": [],
                "min_node_cpus": 0,
                "node_affinities": [],
                "on_host_maintenance": "MIGRATE",
                "preemptible": false,
                "provisioning_model": "STANDARD"
              }
            ],
            "scratch_disk": [],
            "self_link": "https://www.googleapis.com/compute/v1/projects/interview-417918/zones/asia-southeast1-a/instances/dkatalis-swarm-manager",
            "service_account": [],
            "shielded_instance_config": [
              {
                "enable_integrity_monitoring": true,
                "enable_secure_boot": false,
                "enable_vtpm": true
              }
            ],
            "tags": [
              "dkatalis-app"
            ],
            "tags_fingerprint": "42uxskDoGzE=",
            "terraform_labels": {},
            "timeouts": null,
            "zone": "asia-southeast1-a"
          },
          "sensitive_attributes": [],
          "private": "eyJlMmJmYjczMC1lY2FhLTExZTYtOGY4OC0zNDM2M2JjN2M0YzAiOnsiY3JlYXRlIjoxMjAwMDAwMDAwMDAwLCJkZWxldGUiOjEyMDAwMDAwMDAwMDAsInVwZGF0ZSI6MTIwMDAwMDAwMDAwMH0sInNjaGVtYV92ZXJzaW9uIjoiNiJ9",
          "dependencies": [
            "module.swarm_manager.google_compute_network.vpc_network",
            "module.swarm_manager.google_compute_subnetwork.default"
          ]
        }
      ]
    },
    {
      "module": "module.swarm_manager",
      "mode": "managed",
      "type": "google_compute_network",
      "name": "vpc_network",
      "provider": "provider[\"registry.terraform.io/hashicorp/google\"]",
      "instances": [
        {
          "schema_version": 0,
          "attributes": {
            "auto_create_subnetworks": false,
            "delete_default_routes_on_create": false,
            "description": "",
            "enable_ula_internal_ipv6": false,
            "gateway_ipv4": "",
            "id": "projects/interview-417918/global/networks/dkatalis-network",
            "internal_ipv6_range": "",
            "mtu": 1460,
            "name": "dkatalis-network",
            "network_firewall_policy_enforcement_order": "AFTER_CLASSIC_FIREWALL",
            "numeric_id": "8824023214809267825",
            "project": "interview-417918",
            "routing_mode": "REGIONAL",
            "self_link": "https://www.googleapis.com/compute/v1/projects/interview-417918/global/networks/dkatalis-network",
            "timeouts": null
          },
          "sensitive_attributes": [],
          "private": "eyJlMmJmYjczMC1lY2FhLTExZTYtOGY4OC0zNDM2M2JjN2M0YzAiOnsiY3JlYXRlIjoxMjAwMDAwMDAwMDAwLCJkZWxldGUiOjEyMDAwMDAwMDAwMDAsInVwZGF0ZSI6MTIwMDAwMDAwMDAwMH19"
        }
      ]
    },
    {
      "module": "module.swarm_manager",
      "mode": "managed",
      "type": "google_compute_subnetwork",
      "name": "default",
      "provider": "provider[\"registry.terraform.io/hashicorp/google\"]",
      "instances": [
        {
          "schema_version": 0,
          "attributes": {
            "creation_timestamp": "2024-04-26T12:30:00.793-07:00",
            "description": "",
            "external_ipv6_prefix": "",
            "fingerprint": null,
            "gateway_address": "10.0.1.1",
            "id": "projects/interview-417918/regions/asia-southeast1/subnetworks/dkatalis-subnet",
            "internal_ipv6_prefix": "",
            "ip_cidr_range": "10.0.1.0/24",
            "ipv6_access_type": "",
            "ipv6_cidr_range": "",
            "log_config": [],
            "name": "dkatalis-subnet",
            "network": "https://www.googleapis.com/compute/v1/projects/interview-417918/global/networks/dkatalis-network",
            "private_ip_google_access": false,
            "private_ipv6_google_access": "DISABLE_GOOGLE_ACCESS",
            "project": "interview-417918",
            "purpose": "PRIVATE",
            "region": "asia-southeast1",
            "role": "",
            "secondary_ip_range": [],
            "self_link": "https://www.googleapis.com/compute/v1/projects/interview-417918/regions/asia-southeast1/subnetworks/dkatalis-subnet",
            "stack_type": "IPV4_ONLY",
            "timeouts": null
          },
          "sensitive_attributes": [],
          "private": "eyJlMmJmYjczMC1lY2FhLTExZTYtOGY4OC0zNDM2M2JjN2M0YzAiOnsiY3JlYXRlIjoxMjAwMDAwMDAwMDAwLCJkZWxldGUiOjEyMDAwMDAwMDAwMDAsInVwZGF0ZSI6MTIwMDAwMDAwMDAwMH19",
          "dependencies": [
            "module.swarm_manager.google_compute_network.vpc_network"
          ]
        }
      ]
    },
    {
      "module": "module.swarm_worker_01",
      "mode": "managed",
      "type": "google_compute_instance",
      "name": "default",
      "provider": "provider[\"registry.terraform.io/hashicorp/google\"]",
      "instances": [
        {
          "schema_version": 6,
          "attributes": {
            "advanced_machine_features": [],
            "allow_stopping_for_update": true,
            "attached_disk": [],
            "boot_disk": [
              {
                "auto_delete": true,
                "device_name": "persistent-disk-0",
                "disk_encryption_key_raw": "",
                "disk_encryption_key_sha256": "",
                "initialize_params": [
                  {
                    "enable_confidential_compute": false,
                    "image": "https://www.googleapis.com/compute/v1/projects/ubuntu-os-cloud/global/images/ubuntu-2310-mantic-amd64-v20240319",
                    "labels": {},
                    "provisioned_iops": 0,
                    "provisioned_throughput": 0,
                    "resource_manager_tags": null,
                    "size": 50,
                    "type": "pd-standard"
                  }
                ],
                "kms_key_self_link": "",
                "mode": "READ_WRITE",
                "source": "https://www.googleapis.com/compute/v1/projects/interview-417918/zones/asia-southeast1-a/disks/dkatalis-swarm-worker-01"
              }
            ],
            "can_ip_forward": false,
            "confidential_instance_config": [],
            "cpu_platform": "Intel Broadwell",
            "current_status": "RUNNING",
            "deletion_protection": false,
            "description": "",
            "desired_status": null,
            "effective_labels": {},
            "enable_display": false,
            "guest_accelerator": [],
            "hostname": "",
            "id": "projects/interview-417918/zones/asia-southeast1-a/instances/dkatalis-swarm-worker-01",
            "instance_id": "5662763367526415881",
            "label_fingerprint": "42WmSpB8rSM=",
            "labels": null,
            "machine_type": "e2-medium",
            "metadata": {
              "ssh-keys": "ubuntu:ssh-rsa AAAAB3NzaC1yc2EAAAADAQABAAACAQCiWzaWysjn8kviefaKtylK//b4bQdq7slQ0TeSORzYziunuhrJTI5nYoQYf2TLGtNthqlBMNo/aOfGdst41lmLSyuEWhiVi9DcI7bb8twuzCBCtLcCc5frGRqbHPUG9JishvzcSAMS8uHeP51s1ZDp4ZWpl6M5LRd/SdMrT/jBFTTocmjgBCjb9NLilZAlxAjujzN/Juv/W6TNEGL5nTSwkcBI2nIsEHFJjiCYmwlGe5tkwUfLLmIfw58SHx+plv+qE9VXF7CQDMsTJ9eW5hCC/yqsY9cRONJNBsnIlvREkn0nNkeEKIAc6GmzBLh0wGr1w8+3YNU+NeybRw68pAlDxNxjMSrlFJdRyWymV6TuvQgtP20eL/aUvEaic9+ID7wQdJ2bbP+MJPMzeBzASh8qS4zU4VUXZ0qDKRYVlSz+5XIYseqO+ObAJGl3Cp3+lJCIrG+B4ENZMLs8+58Y1FHBoV09JlaoK9Gfb8WBshoXO5hylwrj8JuG73mGHaVcZguJECMh2rfoAV5ojNFw0ApKyA2eYhWUlvsr76KNH4zzdVrBsegAgTEQ3XJAiZCUfX80h4Xgucql3u+g42UXtUNTjYJ0uHfV60iD/fbAHNu5KNpYa6UKTGTRQgdSqc4+wAxHLcUfwu1vXsYJOsDONYKp3RrtwxGFbYQyDHijdjbdAw== dodipras27@gmail.com\n"
            },
            "metadata_fingerprint": "iVTIe7Sbs24=",
            "metadata_startup_script": "#! /bin/bash\n\n# Add Docker's official GPG key:\nsudo apt-get update\nsudo apt-get install ca-certificates curl\nsudo install -m 0755 -d /etc/apt/keyrings\nsudo curl -fsSL https://download.docker.com/linux/ubuntu/gpg -o /etc/apt/keyrings/docker.asc\nsudo chmod a+r /etc/apt/keyrings/docker.asc\n\n# Add the repository to Apt sources:\necho \\\n  \"deb [arch=$(dpkg --print-architecture) signed-by=/etc/apt/keyrings/docker.asc] https://download.docker.com/linux/ubuntu \\\n  $(. /etc/os-release \u0026\u0026 echo \"$VERSION_CODENAME\") stable\" | \\\n  sudo tee /etc/apt/sources.list.d/docker.list \u003e /dev/null\nsudo apt-get update\n\n# Install Dependency\nsudo apt-get install -y git docker-ce docker-ce-cli containerd.io docker-buildx-plugin docker-compose-plugin whois\n# Add user app\nsudo adduser app\n# Grant docker to user app\nsudo usermod -aG docker app\n\n# ES CONFIG\nsudo sysctl -w vm.max_map_count=262144",
            "min_cpu_platform": "",
            "name": "dkatalis-swarm-worker-01",
            "network_interface": [
              {
                "access_config": [
                  {
                    "nat_ip": "34.142.196.222",
                    "network_tier": "PREMIUM",
                    "public_ptr_domain_name": ""
                  }
                ],
                "alias_ip_range": [],
                "internal_ipv6_prefix_length": 0,
                "ipv6_access_config": [],
                "ipv6_access_type": "",
                "ipv6_address": "",
                "name": "nic0",
                "network": "https://www.googleapis.com/compute/v1/projects/interview-417918/global/networks/dkatalis-network",
                "network_ip": "10.0.1.3",
                "nic_type": "",
                "queue_count": 0,
                "stack_type": "IPV4_ONLY",
                "subnetwork": "https://www.googleapis.com/compute/v1/projects/interview-417918/regions/asia-southeast1/subnetworks/dkatalis-subnet",
                "subnetwork_project": "interview-417918"
              }
            ],
            "network_performance_config": [],
            "params": [],
            "project": "interview-417918",
            "reservation_affinity": [],
            "resource_policies": null,
            "scheduling": [
              {
                "automatic_restart": true,
                "instance_termination_action": "",
                "local_ssd_recovery_timeout": [],
                "min_node_cpus": 0,
                "node_affinities": [],
                "on_host_maintenance": "MIGRATE",
                "preemptible": false,
                "provisioning_model": "STANDARD"
              }
            ],
            "scratch_disk": [],
            "self_link": "https://www.googleapis.com/compute/v1/projects/interview-417918/zones/asia-southeast1-a/instances/dkatalis-swarm-worker-01",
            "service_account": [],
            "shielded_instance_config": [
              {
                "enable_integrity_monitoring": true,
                "enable_secure_boot": false,
                "enable_vtpm": true
              }
            ],
            "tags": [
              "dkatalis-app"
            ],
            "tags_fingerprint": "42uxskDoGzE=",
            "terraform_labels": {},
            "timeouts": null,
            "zone": "asia-southeast1-a"
          },
          "sensitive_attributes": [],
          "private": "eyJlMmJmYjczMC1lY2FhLTExZTYtOGY4OC0zNDM2M2JjN2M0YzAiOnsiY3JlYXRlIjoxMjAwMDAwMDAwMDAwLCJkZWxldGUiOjEyMDAwMDAwMDAwMDAsInVwZGF0ZSI6MTIwMDAwMDAwMDAwMH0sInNjaGVtYV92ZXJzaW9uIjoiNiJ9",
          "dependencies": [
            "module.swarm_manager.google_compute_firewall.default",
            "module.swarm_manager.google_compute_firewall.local_connection",
            "module.swarm_manager.google_compute_instance.default",
            "module.swarm_manager.google_compute_network.vpc_network",
            "module.swarm_manager.google_compute_subnetwork.default"
          ]
        }
      ]
    },
    {
      "module": "module.swarm_worker_01",
      "mode": "managed",
      "type": "null_resource",
      "name": "upload_private_key",
      "provider": "provider[\"registry.terraform.io/hashicorp/null\"]",
      "instances": [
        {
          "schema_version": 0,
          "attributes": {
            "id": "5597189436506993890",
            "triggers": null
          },
          "sensitive_attributes": [],
          "dependencies": [
            "module.swarm_manager.google_compute_firewall.default",
            "module.swarm_manager.google_compute_firewall.local_connection",
            "module.swarm_manager.google_compute_instance.default",
            "module.swarm_manager.google_compute_network.vpc_network",
            "module.swarm_manager.google_compute_subnetwork.default",
            "module.swarm_worker_01.google_compute_instance.default"
          ]
        }
      ]
    }
  ],
  "check_results": null
}
